
Microsoft Visual Studio Solution File, Format Version 12.00
# Visual Studio 15
VisualStudioVersion = 15.0.28307.136
MinimumVisualStudioVersion = 10.0.40219.1
Project("{9A19103F-16F7-4668-BE54-9A1E7A4F7556}") = "consoleApp", "consoleApp\consoleApp.csproj", "{F17F4973-B135-412C-816F-2CBACEBEC43A}"
EndProject
Project("{9A19103F-16F7-4668-BE54-9A1E7A4F7556}") = "Cards", "Cards\Cards.csproj", "{EDD38964-7770-4ABF-8419-4314F0FD58DE}"
EndProject
Project("{9A19103F-16F7-4668-BE54-9A1E7A4F7556}") = "ApkgCreator", "ApkgCreator\ApkgCreator.csproj", "{82386FFD-4631-4228-B656-4D872D2400CB}"
EndProject
Project("{9A19103F-16F7-4668-BE54-9A1E7A4F7556}") = "CardsBusinessLogic", "CardsBusinessLogic\CardsBusinessLogic.csproj", "{CB976CF1-8461-404F-AA80-21BA795D6A63}"
EndProject
Project("{9A19103F-16F7-4668-BE54-9A1E7A4F7556}") = "OxfordDictionaries", "OxfordDictionaries\OxfordDictionaries.csproj", "{36309B68-695F-4E5A-B432-07273BA9567D}"
EndProject
Global
	GlobalSection(SolutionConfigurationPlatforms) = preSolution
		Debug|Any CPU = Debug|Any CPU
		Release|Any CPU = Release|Any CPU
	EndGlobalSection
	GlobalSection(ProjectConfigurationPlatforms) = postSolution
		{F17F4973-B135-412C-816F-2CBACEBEC43A}.Debug|Any CPU.ActiveCfg = Debug|Any CPU
		{F17F4973-B135-412C-816F-2CBACEBEC43A}.Debug|Any CPU.Build.0 = Debug|Any CPU
		{F17F4973-B135-412C-816F-2CBACEBEC43A}.Release|Any CPU.ActiveCfg = Release|Any CPU
		{F17F4973-B135-412C-816F-2CBACEBEC43A}.Release|Any CPU.Build.0 = Release|Any CPU
		{EDD38964-7770-4ABF-8419-4314F0FD58DE}.Debug|Any CPU.ActiveCfg = Debug|Any CPU
		{EDD38964-7770-4ABF-8419-4314F0FD58DE}.Debug|Any CPU.Build.0 = Debug|Any CPU
		{EDD38964-7770-4ABF-8419-4314F0FD58DE}.Release|Any CPU.ActiveCfg = Release|Any CPU
		{EDD38964-7770-4ABF-8419-4314F0FD58DE}.Release|Any CPU.Build.0 = Release|Any CPU
		{82386FFD-4631-4228-B656-4D872D2400CB}.Debug|Any CPU.ActiveCfg = Debug|Any CPU
		{82386FFD-4631-4228-B656-4D872D2400CB}.Debug|Any CPU.Build.0 = Debug|Any CPU
		{82386FFD-4631-4228-B656-4D872D2400CB}.Release|Any CPU.ActiveCfg = Release|Any CPU
		{82386FFD-4631-4228-B656-4D872D2400CB}.Release|Any CPU.Build.0 = Release|Any CPU
		{CB976CF1-8461-404F-AA80-21BA795D6A63}.Debug|Any CPU.ActiveCfg = Debug|Any CPU
		{CB976CF1-8461-404F-AA80-21BA795D6A63}.Debug|Any CPU.Build.0 = Debug|Any CPU
		{CB976CF1-8461-404F-AA80-21BA795D6A63}.Release|Any CPU.ActiveCfg = Release|Any CPU
		{CB976CF1-8461-404F-AA80-21BA795D6A63}.Release|Any CPU.Build.0 = Release|Any CPU
		{36309B68-695F-4E5A-B432-07273BA9567D}.Debug|Any CPU.ActiveCfg = Debug|Any CPU
		{36309B68-695F-4E5A-B432-07273BA9567D}.Debug|Any CPU.Build.0 = Debug|Any CPU
		{36309B68-695F-4E5A-B432-07273BA9567D}.Release|Any CPU.ActiveCfg = Release|Any CPU
		{36309B68-695F-4E5A-B432-07273BA9567D}.Release|Any CPU.Build.0 = Release|Any CPU
	EndGlobalSection
	GlobalSection(SolutionProperties) = preSolution
		HideSolutionNode = FALSE
	EndGlobalSection
	GlobalSection(ExtensibilityGlobals) = postSolution
		SolutionGuid = {E779589C-AB49-4C04-A317-D4555DDB32C1}
	EndGlobalSection
EndGlobal
